<?xml version="1.0" encoding="utf-8"?>
<Project ToolsVersion="4.0" xmlns="http://schemas.microsoft.com/developer/msbuild/2003">
  <ItemGroup>
    <Filter Include="depend">
      <UniqueIdentifier>{93995380-89BD-4b04-88EB-625FBE52EBFB}</UniqueIdentifier>
      <Extensions>h;hh;hpp;hxx;hm;inl;inc;xsd</Extensions>
    </Filter>
    <Filter Include="entry">
      <UniqueIdentifier>{4FC737F1-C7A5-4376-A066-2A32D752A2FF}</UniqueIdentifier>
      <Extensions>cpp;c;cc;cxx;def;odl;idl;hpj;bat;asm;asmx</Extensions>
    </Filter>
  </ItemGroup>
  <ItemGroup>
    <ClInclude Include="..\..\code\gslib\bezier.h">
      <Filter>depend</Filter>
    </ClInclude>
    <ClInclude Include="..\..\code\gslib\bintree.h">
      <Filter>depend</Filter>
    </ClInclude>
    <ClInclude Include="..\..\code\gslib\cclist.h">
      <Filter>depend</Filter>
    </ClInclude>
    <ClInclude Include="..\..\code\gslib\config.h">
      <Filter>depend</Filter>
    </ClInclude>
    <ClInclude Include="..\..\code\gslib\entrywin32.h">
      <Filter>depend</Filter>
    </ClInclude>
    <ClInclude Include="..\..\code\gslib\error.h">
      <Filter>depend</Filter>
    </ClInclude>
    <ClInclude Include="..\..\code\gslib\file.h">
      <Filter>depend</Filter>
    </ClInclude>
    <ClInclude Include="..\..\code\gslib\graph.h">
      <Filter>depend</Filter>
    </ClInclude>
    <ClInclude Include="..\..\code\gslib\linequ.h">
      <Filter>depend</Filter>
    </ClInclude>
    <ClInclude Include="..\..\code\gslib\math.h">
      <Filter>depend</Filter>
    </ClInclude>
    <ClInclude Include="..\..\code\gslib\md5.h">
      <Filter>depend</Filter>
    </ClInclude>
    <ClInclude Include="..\..\code\gslib\pool.h">
      <Filter>depend</Filter>
    </ClInclude>
    <ClInclude Include="..\..\code\gslib\res.h">
      <Filter>depend</Filter>
    </ClInclude>
    <ClInclude Include="..\..\code\gslib\std.h">
      <Filter>depend</Filter>
    </ClInclude>
    <ClInclude Include="..\..\code\gslib\string.h">
      <Filter>depend</Filter>
    </ClInclude>
    <ClInclude Include="..\..\code\gslib\sysop.h">
      <Filter>depend</Filter>
    </ClInclude>
    <ClInclude Include="..\..\code\gslib\tree.h">
      <Filter>depend</Filter>
    </ClInclude>
    <ClInclude Include="..\..\code\gslib\treeop.h">
      <Filter>depend</Filter>
    </ClInclude>
    <ClInclude Include="..\..\code\gslib\type.h">
      <Filter>depend</Filter>
    </ClInclude>
    <ClInclude Include="..\..\code\gslib\typeof.h">
      <Filter>depend</Filter>
    </ClInclude>
    <ClInclude Include="..\..\code\gslib\vdir.h">
      <Filter>depend</Filter>
    </ClInclude>
    <ClInclude Include="..\..\code\gslib\xml.h">
      <Filter>depend</Filter>
    </ClInclude>
    <ClInclude Include="..\..\code\gslib\mtrand.h">
      <Filter>depend</Filter>
    </ClInclude>
    <ClInclude Include="..\..\code\gslib\rbtree.h">
      <Filter>depend</Filter>
    </ClInclude>
  </ItemGroup>
  <ItemGroup>
    <ClCompile Include="..\..\code\gslib\error.cpp">
      <Filter>depend</Filter>
    </ClCompile>
    <ClCompile Include="..\..\code\gslib\math.cpp">
      <Filter>depend</Filter>
    </ClCompile>
    <ClCompile Include="..\..\code\gslib\md5.cpp">
      <Filter>depend</Filter>
    </ClCompile>
    <ClCompile Include="..\..\code\gslib\pool.cpp">
      <Filter>depend</Filter>
    </ClCompile>
    <ClCompile Include="..\..\code\gslib\res.cpp">
      <Filter>depend</Filter>
    </ClCompile>
    <ClCompile Include="..\..\code\gslib\string.cpp">
      <Filter>depend</Filter>
    </ClCompile>
    <ClCompile Include="..\..\code\gslib\vdir.cpp">
      <Filter>depend</Filter>
    </ClCompile>
    <ClCompile Include="..\..\code\gslib\xml.cpp">
      <Filter>depend</Filter>
    </ClCompile>
    <ClCompile Include="main.cpp">
      <Filter>entry</Filter>
    </ClCompile>
    <ClCompile Include="..\..\code\gslib\mtrand.cpp">
      <Filter>depend</Filter>
    </ClCompile>
  </ItemGroup>
  <ItemGroup>
    <None Include="..\..\code\gslib\math.inl">
      <Filter>depend</Filter>
    </None>
  </ItemGroup>
</Project>